// !$*UTF8*$!
{
	archiveVersion = 1;
	classes = {
	};
	objectVersion = 77;
	objects = {

/* Begin PBXContainerItemProxy section */
		1782C4002DFD943E000E0589 /* PBXContainerItemProxy */ = {
			isa = PBXContainerItemProxy;
			containerPortal = 1782C3E72DFD943D000E0589 /* Project object */;
			proxyType = 1;
			remoteGlobalIDString = 1782C3EE2DFD943D000E0589;
			remoteInfo = "Still-Tasty";
		};
		1782C40A2DFD943E000E0589 /* PBXContainerItemProxy */ = {
			isa = PBXContainerItemProxy;
			containerPortal = 1782C3E72DFD943D000E0589 /* Project object */;
			proxyType = 1;
			remoteGlobalIDString = 1782C3EE2DFD943D000E0589;
			remoteInfo = "Still-Tasty";
		};
/* End PBXContainerItemProxy section */

/* Begin PBXFileReference section */
		1782C3EF2DFD943D000E0589 /* Still-Tasty.app */ = {isa = PBXFileReference; explicitFileType = wrapper.application; includeInIndex = 0; path = "Still-Tasty.app"; sourceTree = BUILT_PRODUCTS_DIR; };
		1782C3FF2DFD943E000E0589 /* Still-TastyTests.xctest */ = {isa = PBXFileReference; explicitFileType = wrapper.cfbundle; includeInIndex = 0; path = "Still-TastyTests.xctest"; sourceTree = BUILT_PRODUCTS_DIR; };
		1782C4092DFD943E000E0589 /* Still-TastyUITests.xctest */ = {isa = PBXFileReference; explicitFileType = wrapper.cfbundle; includeInIndex = 0; path = "Still-TastyUITests.xctest"; sourceTree = BUILT_PRODUCTS_DIR; };
/* End PBXFileReference section */

/* Begin PBXFileSystemSynchronizedRootGroup section */
		1782C3F12DFD943D000E0589 /* Still-Tasty */ = {
			isa = PBXFileSystemSynchronizedRootGroup;
			path = "Still-Tasty";
			sourceTree = "<group>";
		};
		1782C4022DFD943E000E0589 /* Still-TastyTests */ = {
			isa = PBXFileSystemSynchronizedRootGroup;
			path = "Still-TastyTests";
			sourceTree = "<group>";
		};
		1782C40C2DFD943E000E0589 /* Still-TastyUITests */ = {
			isa = PBXFileSystemSynchronizedRootGroup;
			path = "Still-TastyUITests";
			sourceTree = "<group>";
		};
/* End PBXFileSystemSynchronizedRootGroup section */

/* Begin PBXFrameworksBuildPhase section */
		1782C3EC2DFD943D000E0589 /* Frameworks */ = {
			isa = PBXFrameworksBuildPhase;
			buildActionMask = 2147483647;
			files = (
			);
			runOnlyForDeploymentPostprocessing = 0;
		};
		1782C3FC2DFD943E000E0589 /* Frameworks */ = {
			isa = PBXFrameworksBuildPhase;
			buildActionMask = 2147483647;
			files = (
			);
			runOnlyForDeploymentPostprocessing = 0;
		};
		1782C4062DFD943E000E0589 /* Frameworks */ = {
			isa = PBXFrameworksBuildPhase;
			buildActionMask = 2147483647;
			files = (
			);
			runOnlyForDeploymentPostprocessing = 0;
		};
/* End PBXFrameworksBuildPhase section */

/* Begin PBXGroup section */
		1782C3E62DFD943D000E0589 = {
			isa = PBXGroup;
			children = (
				1782C3F12DFD943D000E0589 /* Still-Tasty */,
				1782C4022DFD943E000E0589 /* Still-TastyTests */,
				1782C40C2DFD943E000E0589 /* Still-TastyUITests */,
				1782C3F02DFD943D000E0589 /* Products */,
			);
			sourceTree = "<group>";
		};
		1782C3F02DFD943D000E0589 /* Products */ = {
			isa = PBXGroup;
			children = (
				1782C3EF2DFD943D000E0589 /* Still-Tasty.app */,
				1782C3FF2DFD943E000E0589 /* Still-TastyTests.xctest */,
				1782C4092DFD943E000E0589 /* Still-TastyUITests.xctest */,
			);
			name = Products;
			sourceTree = "<group>";
		};
/* End PBXGroup section */

/* Begin PBXNativeTarget section */
		1782C3EE2DFD943D000E0589 /* Still-Tasty */ = {
			isa = PBXNativeTarget;
			buildConfigurationList = 1782C4132DFD943E000E0589 /* Build configuration list for PBXNativeTarget "Still-Tasty" */;
			buildPhases = (
				1782C3EB2DFD943D000E0589 /* Sources */,
				1782C3EC2DFD943D000E0589 /* Frameworks */,
				1782C3ED2DFD943D000E0589 /* Resources */,
			);
			buildRules = (
			);
			dependencies = (
			);
			fileSystemSynchronizedGroups = (
				1782C3F12DFD943D000E0589 /* Still-Tasty */,
			);
			name = "Still-Tasty";
			packageProductDependencies = (
			);
			productName = "Still-Tasty";
			productReference = 1782C3EF2DFD943D000E0589 /* Still-Tasty.app */;
			productType = "com.apple.product-type.application";
		};
		1782C3FE2DFD943E000E0589 /* Still-TastyTests */ = {
			isa = PBXNativeTarget;
			buildConfigurationList = 1782C4162DFD943E000E0589 /* Build configuration list for PBXNativeTarget "Still-TastyTests" */;
			buildPhases = (
				1782C3FB2DFD943E000E0589 /* Sources */,
				1782C3FC2DFD943E000E0589 /* Frameworks */,
				1782C3FD2DFD943E000E0589 /* Resources */,
			);
			buildRules = (
			);
			dependencies = (
				1782C4012DFD943E000E0589 /* PBXTargetDependency */,
			);
			fileSystemSynchronizedGroups = (
				1782C4022DFD943E000E0589 /* Still-TastyTests */,
			);
			name = "Still-TastyTests";
			packageProductDependencies = (
			);
			productName = "Still-TastyTests";
			productReference = 1782C3FF2DFD943E000E0589 /* Still-TastyTests.xctest */;
			productType = "com.apple.product-type.bundle.unit-test";
		};
		1782C4082DFD943E000E0589 /* Still-TastyUITests */ = {
			isa = PBXNativeTarget;
			buildConfigurationList = 1782C4192DFD943E000E0589 /* Build configuration list for PBXNativeTarget "Still-TastyUITests" */;
			buildPhases = (
				1782C4052DFD943E000E0589 /* Sources */,
				1782C4062DFD943E000E0589 /* Frameworks */,
				1782C4072DFD943E000E0589 /* Resources */,
			);
			buildRules = (
			);
			dependencies = (
				1782C40B2DFD943E000E0589 /* PBXTargetDependency */,
			);
			fileSystemSynchronizedGroups = (
				1782C40C2DFD943E000E0589 /* Still-TastyUITests */,
			);
			name = "Still-TastyUITests";
			packageProductDependencies = (
			);
			productName = "Still-TastyUITests";
			productReference = 1782C4092DFD943E000E0589 /* Still-TastyUITests.xctest */;
			productType = "com.apple.product-type.bundle.ui-testing";
		};
/* End PBXNativeTarget section */

/* Begin PBXProject section */
		1782C3E72DFD943D000E0589 /* Project object */ = {
			isa = PBXProject;
			attributes = {
				BuildIndependentTargetsInParallel = 1;
				LastSwiftUpdateCheck = 1620;
				LastUpgradeCheck = 1620;
				TargetAttributes = {
					1782C3EE2DFD943D000E0589 = {
						CreatedOnToolsVersion = 16.2;
					};
					1782C3FE2DFD943E000E0589 = {
						CreatedOnToolsVersion = 16.2;
						TestTargetID = 1782C3EE2DFD943D000E0589;
					};
					1782C4082DFD943E000E0589 = {
						CreatedOnToolsVersion = 16.2;
						TestTargetID = 1782C3EE2DFD943D000E0589;
					};
				};
			};
			buildConfigurationList = 1782C3EA2DFD943D000E0589 /* Build configuration list for PBXProject "Still-Tasty" */;
			developmentRegion = en;
			hasScannedForEncodings = 0;
			knownRegions = (
				en,
				Base,
			);
			mainGroup = 1782C3E62DFD943D000E0589;
			minimizedProjectReferenceProxies = 1;
			preferredProjectObjectVersion = 77;
			productRefGroup = 1782C3F02DFD943D000E0589 /* Products */;
			projectDirPath = "";
			projectRoot = "";
			targets = (
				1782C3EE2DFD943D000E0589 /* Still-Tasty */,
				1782C3FE2DFD943E000E0589 /* Still-TastyTests */,
				1782C4082DFD943E000E0589 /* Still-TastyUITests */,
			);
		};
/* End PBXProject section */

/* Begin PBXResourcesBuildPhase section */
		1782C3ED2DFD943D000E0589 /* Resources */ = {
			isa = PBXResourcesBuildPhase;
			buildActionMask = 2147483647;
			files = (
			);
			runOnlyForDeploymentPostprocessing = 0;
		};
		1782C3FD2DFD943E000E0589 /* Resources */ = {
			isa = PBXResourcesBuildPhase;
			buildActionMask = 2147483647;
			files = (
			);
			runOnlyForDeploymentPostprocessing = 0;
		};
		1782C4072DFD943E000E0589 /* Resources */ = {
			isa = PBXResourcesBuildPhase;
			buildActionMask = 2147483647;
			files = (
			);
			runOnlyForDeploymentPostprocessing = 0;
		};
/* End PBXResourcesBuildPhase section */

/* Begin PBXSourcesBuildPhase section */
		1782C3EB2DFD943D000E0589 /* Sources */ = {
			isa = PBXSourcesBuildPhase;
			buildActionMask = 2147483647;
			files = (
			);
			runOnlyForDeploymentPostprocessing = 0;
		};
		1782C3FB2DFD943E000E0589 /* Sources */ = {
			isa = PBXSourcesBuildPhase;
			buildActionMask = 2147483647;
			files = (
			);
			runOnlyForDeploymentPostprocessing = 0;
		};
		1782C4052DFD943E000E0589 /* Sources */ = {
			isa = PBXSourcesBuildPhase;
			buildActionMask = 2147483647;
			files = (
			);
			runOnlyForDeploymentPostprocessing = 0;
		};
/* End PBXSourcesBuildPhase section */

/* Begin PBXTargetDependency section */
		1782C4012DFD943E000E0589 /* PBXTargetDependency */ = {
			isa = PBXTargetDependency;
			target = 1782C3EE2DFD943D000E0589 /* Still-Tasty */;
			targetProxy = 1782C4002DFD943E000E0589 /* PBXContainerItemProxy */;
		};
		1782C40B2DFD943E000E0589 /* PBXTargetDependency */ = {
			isa = PBXTargetDependency;
			target = 1782C3EE2DFD943D000E0589 /* Still-Tasty */;
			targetProxy = 1782C40A2DFD943E000E0589 /* PBXContainerItemProxy */;
		};
/* End PBXTargetDependency section */

/* Begin XCBuildConfiguration section */
		1782C4112DFD943E000E0589 /* Debug */ = {
			isa = XCBuildConfiguration;
			buildSettings = {
				ALWAYS_SEARCH_USER_PATHS = NO;
				ASSETCATALOG_COMPILER_GENERATE_SWIFT_ASSET_SYMBOL_EXTENSIONS = YES;
				CLANG_ANALYZER_NONNULL = YES;
				CLANG_ANALYZER_NUMBER_OBJECT_CONVERSION = YES_AGGRESSIVE;
				CLANG_CXX_LANGUAGE_STANDARD = "gnu++20";
				CLANG_ENABLE_MODULES = YES;
				CLANG_ENABLE_OBJC_ARC = YES;
				CLANG_ENABLE_OBJC_WEAK = YES;
				CLANG_WARN_BLOCK_CAPTURE_AUTORELEASING = YES;
				CLANG_WARN_BOOL_CONVERSION = YES;
				CLANG_WARN_COMMA = YES;
				CLANG_WARN_CONSTANT_CONVERSION = YES;
				CLANG_WARN_DEPRECATED_OBJC_IMPLEMENTATIONS = YES;
				CLANG_WARN_DIRECT_OBJC_ISA_USAGE = YES_ERROR;
				CLANG_WARN_DOCUMENTATION_COMMENTS = YES;
				CLANG_WARN_EMPTY_BODY = YES;
				CLANG_WARN_ENUM_CONVERSION = YES;
				CLANG_WARN_INFINITE_RECURSION = YES;
				CLANG_WARN_INT_CONVERSION = YES;
				CLANG_WARN_NON_LITERAL_NULL_CONVERSION = YES;
				CLANG_WARN_OBJC_IMPLICIT_RETAIN_SELF = YES;
				CLANG_WARN_OBJC_LITERAL_CONVERSION = YES;
				CLANG_WARN_OBJC_ROOT_CLASS = YES_ERROR;
				CLANG_WARN_QUOTED_INCLUDE_IN_FRAMEWORK_HEADER = YES;
				CLANG_WARN_RANGE_LOOP_ANALYSIS = YES;
				CLANG_WARN_STRICT_PROTOTYPES = YES;
				CLANG_WARN_SUSPICIOUS_MOVE = YES;
				CLANG_WARN_UNGUARDED_AVAILABILITY = YES_AGGRESSIVE;
				CLANG_WARN_UNREACHABLE_CODE = YES;
				CLANG_WARN__DUPLICATE_METHOD_MATCH = YES;
				COPY_PHASE_STRIP = NO;
				DEBUG_INFORMATION_FORMAT = dwarf;
				ENABLE_STRICT_OBJC_MSGSEND = YES;
				ENABLE_TESTABILITY = YES;
				ENABLE_USER_SCRIPT_SANDBOXING = YES;
				GCC_C_LANGUAGE_STANDARD = gnu17;
				GCC_DYNAMIC_NO_PIC = NO;
				GCC_NO_COMMON_BLOCKS = YES;
				GCC_OPTIMIZATION_LEVEL = 0;
				GCC_PREPROCESSOR_DEFINITIONS = (
					"DEBUG=1",
					"$(inherited)",
				);
				GCC_WARN_64_TO_32_BIT_CONVERSION = YES;
				GCC_WARN_ABOUT_RETURN_TYPE = YES_ERROR;
				GCC_WARN_UNDECLARED_SELECTOR = YES;
				GCC_WARN_UNINITIALIZED_AUTOS = YES_AGGRESSIVE;
				GCC_WARN_UNUSED_FUNCTION = YES;
				GCC_WARN_UNUSED_VARIABLE = YES;
				IPHONEOS_DEPLOYMENT_TARGET = 18.2;
				LOCALIZATION_PREFERS_STRING_CATALOGS = YES;
				MTL_ENABLE_DEBUG_INFO = INCLUDE_SOURCE;
				MTL_FAST_MATH = YES;
				ONLY_ACTIVE_ARCH = YES;
				SDKROOT = iphoneos;
				SWIFT_ACTIVE_COMPILATION_CONDITIONS = "DEBUG $(inherited)";
				SWIFT_OPTIMIZATION_LEVEL = "-Onone";
			};
			name = Debug;
		};
		1782C4122DFD943E000E0589 /* Release */ = {
			isa = XCBuildConfiguration;
			buildSettings = {
				ALWAYS_SEARCH_USER_PATHS = NO;
				ASSETCATALOG_COMPILER_GENERATE_SWIFT_ASSET_SYMBOL_EXTENSIONS = YES;
				CLANG_ANALYZER_NONNULL = YES;
				CLANG_ANALYZER_NUMBER_OBJECT_CONVERSION = YES_AGGRESSIVE;
				CLANG_CXX_LANGUAGE_STANDARD = "gnu++20";
				CLANG_ENABLE_MODULES = YES;
				CLANG_ENABLE_OBJC_ARC = YES;
				CLANG_ENABLE_OBJC_WEAK = YES;
				CLANG_WARN_BLOCK_CAPTURE_AUTORELEASING = YES;
				CLANG_WARN_BOOL_CONVERSION = YES;
				CLANG_WARN_COMMA = YES;
				CLANG_WARN_CONSTANT_CONVERSION = YES;
				CLANG_WARN_DEPRECATED_OBJC_IMPLEMENTATIONS = YES;
				CLANG_WARN_DIRECT_OBJC_ISA_USAGE = YES_ERROR;
				CLANG_WARN_DOCUMENTATION_COMMENTS = YES;
				CLANG_WARN_EMPTY_BODY = YES;
				CLANG_WARN_ENUM_CONVERSION = YES;
				CLANG_WARN_INFINITE_RECURSION = YES;
				CLANG_WARN_INT_CONVERSION = YES;
				CLANG_WARN_NON_LITERAL_NULL_CONVERSION = YES;
				CLANG_WARN_OBJC_IMPLICIT_RETAIN_SELF = YES;
				CLANG_WARN_OBJC_LITERAL_CONVERSION = YES;
				CLANG_WARN_OBJC_ROOT_CLASS = YES_ERROR;
				CLANG_WARN_QUOTED_INCLUDE_IN_FRAMEWORK_HEADER = YES;
				CLANG_WARN_RANGE_LOOP_ANALYSIS = YES;
				CLANG_WARN_STRICT_PROTOTYPES = YES;
				CLANG_WARN_SUSPICIOUS_MOVE = YES;
				CLANG_WARN_UNGUARDED_AVAILABILITY = YES_AGGRESSIVE;
				CLANG_WARN_UNREACHABLE_CODE = YES;
				CLANG_WARN__DUPLICATE_METHOD_MATCH = YES;
				COPY_PHASE_STRIP = NO;
				DEBUG_INFORMATION_FORMAT = "dwarf-with-dsym";
				ENABLE_NS_ASSERTIONS = NO;
				ENABLE_STRICT_OBJC_MSGSEND = YES;
				ENABLE_USER_SCRIPT_SANDBOXING = YES;
				GCC_C_LANGUAGE_STANDARD = gnu17;
				GCC_NO_COMMON_BLOCKS = YES;
				GCC_WARN_64_TO_32_BIT_CONVERSION = YES;
				GCC_WARN_ABOUT_RETURN_TYPE = YES_ERROR;
				GCC_WARN_UNDECLARED_SELECTOR = YES;
				GCC_WARN_UNINITIALIZED_AUTOS = YES_AGGRESSIVE;
				GCC_WARN_UNUSED_FUNCTION = YES;
				GCC_WARN_UNUSED_VARIABLE = YES;
				IPHONEOS_DEPLOYMENT_TARGET = 18.2;
				LOCALIZATION_PREFERS_STRING_CATALOGS = YES;
				MTL_ENABLE_DEBUG_INFO = NO;
				MTL_FAST_MATH = YES;
				SDKROOT = iphoneos;
				SWIFT_COMPILATION_MODE = wholemodule;
				VALIDATE_PRODUCT = YES;
			};
			name = Release;
		};
		1782C4142DFD943E000E0589 /* Debug */ = {
			isa = XCBuildConfiguration;
			buildSettings = {
				ASSETCATALOG_COMPILER_APPICON_NAME = AppIcon;
				ASSETCATALOG_COMPILER_GLOBAL_ACCENT_COLOR_NAME = AccentColor;
				CODE_SIGN_STYLE = Automatic;
				CURRENT_PROJECT_VERSION = 1;
				DEVELOPMENT_ASSET_PATHS = "\"Still-Tasty/Preview Content\"";
				DEVELOPMENT_TEAM = TTL4UQF5RS;
				ENABLE_PREVIEWS = YES;
				GENERATE_INFOPLIST_FILE = YES;
				INFOPLIST_KEY_UIApplicationSceneManifest_Generation = YES;
				INFOPLIST_KEY_UIApplicationSupportsIndirectInputEvents = YES;
				INFOPLIST_KEY_UILaunchScreen_Generation = YES;
				INFOPLIST_KEY_UISupportedInterfaceOrientations_iPad = "UIInterfaceOrientationPortrait UIInterfaceOrientationPortraitUpsideDown UIInterfaceOrientationLandscapeLeft UIInterfaceOrientationLandscapeRight";
				INFOPLIST_KEY_UISupportedInterfaceOrientations_iPhone = "UIInterfaceOrientationPortrait UIInterfaceOrientationLandscapeLeft UIInterfaceOrientationLandscapeRight";
				LD_RUNPATH_SEARCH_PATHS = (
					"$(inherited)",
					"@executable_path/Frameworks",
				);
				MARKETING_VERSION = 1.0;
				PRODUCT_BUNDLE_IDENTIFIER = "mariaritapatrelli.Still-Tasty";
				PRODUCT_NAME = "$(TARGET_NAME)";
				SWIFT_EMIT_LOC_STRINGS = YES;
				SWIFT_VERSION = 5.0;
				TARGETED_DEVICE_FAMILY = "1,2";
			};
			name = Debug;
		};
		1782C4152DFD943E000E0589 /* Release */ = {
			isa = XCBuildConfiguration;
			buildSettings = {
				ASSETCATALOG_COMPILER_APPICON_NAME = AppIcon;
				ASSETCATALOG_COMPILER_GLOBAL_ACCENT_COLOR_NAME = AccentColor;
				CODE_SIGN_STYLE = Automatic;
				CURRENT_PROJECT_VERSION = 1;
				DEVELOPMENT_ASSET_PATHS = "\"Still-Tasty/Preview Content\"";
				DEVELOPMENT_TEAM = TTL4UQF5RS;
				ENABLE_PREVIEWS = YES;
				GENERATE_INFOPLIST_FILE = YES;
				INFOPLIST_KEY_UIApplicationSceneManifest_Generation = YES;
				INFOPLIST_KEY_UIApplicationSupportsIndirectInputEvents = YES;
				INFOPLIST_KEY_UILaunchScreen_Generation = YES;
				INFOPLIST_KEY_UISupportedInterfaceOrientations_iPad = "UIInterfaceOrientationPortrait UIInterfaceOrientationPortraitUpsideDown UIInterfaceOrientationLandscapeLeft UIInterfaceOrientationLandscapeRight";
				INFOPLIST_KEY_UISupportedInterfaceOrientations_iPhone = "UIInterfaceOrientationPortrait UIInterfaceOrientationLandscapeLeft UIInterfaceOrientationLandscapeRight";
				LD_RUNPATH_SEARCH_PATHS = (
					"$(inherited)",
					"@executable_path/Frameworks",
				);
				MARKETING_VERSION = 1.0;
				PRODUCT_BUNDLE_IDENTIFIER = "mariaritapatrelli.Still-Tasty";
				PRODUCT_NAME = "$(TARGET_NAME)";
				SWIFT_EMIT_LOC_STRINGS = YES;
				SWIFT_VERSION = 5.0;
				TARGETED_DEVICE_FAMILY = "1,2";
			};
			name = Release;
		};
		1782C4172DFD943E000E0589 /* Debug */ = {
			isa = XCBuildConfiguration;
			buildSettings = {
				BUNDLE_LOADER = "$(TEST_HOST)";
				CODE_SIGN_STYLE = Automatic;
				CURRENT_PROJECT_VERSION = 1;
				DEVELOPMENT_TEAM = TTL4UQF5RS;
				GENERATE_INFOPLIST_FILE = YES;
				IPHONEOS_DEPLOYMENT_TARGET = 18.2;
				MARKETING_VERSION = 1.0;
				PRODUCT_BUNDLE_IDENTIFIER = "mariaritapatrelli.Still-TastyTests";
				PRODUCT_NAME = "$(TARGET_NAME)";
				SWIFT_EMIT_LOC_STRINGS = NO;
				SWIFT_VERSION = 5.0;
				TARGETED_DEVICE_FAMILY = "1,2";
				TEST_HOST = "$(BUILT_PRODUCTS_DIR)/Still-Tasty.app/$(BUNDLE_EXECUTABLE_FOLDER_PATH)/Still-Tasty";
			};
			name = Debug;
		};
		1782C4182DFD943E000E0589 /* Release */ = {
			isa = XCBuildConfiguration;
			buildSettings = {
				BUNDLE_LOADER = "$(TEST_HOST)";
				CODE_SIGN_STYLE = Automatic;
				CURRENT_PROJECT_VERSION = 1;
				DEVELOPMENT_TEAM = TTL4UQF5RS;
				GENERATE_INFOPLIST_FILE = YES;
				IPHONEOS_DEPLOYMENT_TARGET = 18.2;
				MARKETING_VERSION = 1.0;
				PRODUCT_BUNDLE_IDENTIFIER = "mariaritapatrelli.Still-TastyTests";
				PRODUCT_NAME = "$(TARGET_NAME)";
				SWIFT_EMIT_LOC_STRINGS = NO;
				SWIFT_VERSION = 5.0;
				TARGETED_DEVICE_FAMILY = "1,2";
				TEST_HOST = "$(BUILT_PRODUCTS_DIR)/Still-Tasty.app/$(BUNDLE_EXECUTABLE_FOLDER_PATH)/Still-Tasty";
			};
			name = Release;
		};
		1782C41A2DFD943E000E0589 /* Debug */ = {
			isa = XCBuildConfiguration;
			buildSettings = {
				CODE_SIGN_STYLE = Automatic;
				CURRENT_PROJECT_VERSION = 1;
				DEVELOPMENT_TEAM = TTL4UQF5RS;
				GENERATE_INFOPLIST_FILE = YES;
				MARKETING_VERSION = 1.0;
				PRODUCT_BUNDLE_IDENTIFIER = "mariaritapatrelli.Still-TastyUITests";
				PRODUCT_NAME = "$(TARGET_NAME)";
				SWIFT_EMIT_LOC_STRINGS = NO;
				SWIFT_VERSION = 5.0;
				TARGETED_DEVICE_FAMILY = "1,2";
				TEST_TARGET_NAME = "Still-Tasty";
			};
			name = Debug;
		};
		1782C41B2DFD943E000E0589 /* Release */ = {
			isa = XCBuildConfiguration;
			buildSettings = {
				CODE_SIGN_STYLE = Automatic;
				CURRENT_PROJECT_VERSION = 1;
				DEVELOPMENT_TEAM = TTL4UQF5RS;
				GENERATE_INFOPLIST_FILE = YES;
				MARKETING_VERSION = 1.0;
				PRODUCT_BUNDLE_IDENTIFIER = "mariaritapatrelli.Still-TastyUITests";
				PRODUCT_NAME = "$(TARGET_NAME)";
				SWIFT_EMIT_LOC_STRINGS = NO;
				SWIFT_VERSION = 5.0;
				TARGETED_DEVICE_FAMILY = "1,2";
				TEST_TARGET_NAME = "Still-Tasty";
			};
			name = Release;
		};
/* End XCBuildConfiguration section */

/* Begin XCConfigurationList section */
		1782C3EA2DFD943D000E0589 /* Build configuration list for PBXProject "Still-Tasty" */ = {
			isa = XCConfigurationList;
			buildConfigurations = (
				1782C4112DFD943E000E0589 /* Debug */,
				1782C4122DFD943E000E0589 /* Release */,
			);
			defaultConfigurationIsVisible = 0;
			defaultConfigurationName = Release;
		};
		1782C4132DFD943E000E0589 /* Build configuration list for PBXNativeTarget "Still-Tasty" */ = {
			isa = XCConfigurationList;
			buildConfigurations = (
				1782C4142DFD943E000E0589 /* Debug */,
				1782C4152DFD943E000E0589 /* Release */,
			);
			defaultConfigurationIsVisible = 0;
			defaultConfigurationName = Release;
		};
		1782C4162DFD943E000E0589 /* Build configuration list for PBXNativeTarget "Still-TastyTests" */ = {
			isa = XCConfigurationList;
			buildConfigurations = (
				1782C4172DFD943E000E0589 /* Debug */,
				1782C4182DFD943E000E0589 /* Release */,
			);
			defaultConfigurationIsVisible = 0;
			defaultConfigurationName = Release;
		};
		1782C4192DFD943E000E0589 /* Build configuration list for PBXNativeTarget "Still-TastyUITests" */ = {
			isa = XCConfigurationList;
			buildConfigurations = (
				1782C41A2DFD943E000E0589 /* Debug */,
				1782C41B2DFD943E000E0589 /* Release */,
			);
			defaultConfigurationIsVisible = 0;
			defaultConfigurationName = Release;
		};
/* End XCConfigurationList section */
	};
	rootObject = 1782C3E72DFD943D000E0589 /* Project object */;
}
